
Microsoft Visual Studio Solution File, Format Version 12.00
# Visual Studio Version 17
VisualStudioVersion = 17.4.33103.184
MinimumVisualStudioVersion = 10.0.40219.1
Project("{9A19103F-16F7-4668-BE54-9A1E7A4F7556}") = "HumanResources.Web", "HumanResources.Web\HumanResources.Web.csproj", "{A49112A4-66DA-4445-B81C-85CD46B609C1}"
EndProject
Global
	GlobalSection(SolutionConfigurationPlatforms) = preSolution
		Debug|Any CPU = Debug|Any CPU
		Release|Any CPU = Release|Any CPU
	EndGlobalSection
	GlobalSection(ProjectConfigurationPlatforms) = postSolution
		{A49112A4-66DA-4445-B81C-85CD46B609C1}.Debug|Any CPU.ActiveCfg = Debug|Any CPU
		{A49112A4-66DA-4445-B81C-85CD46B609C1}.Debug|Any CPU.Build.0 = Debug|Any CPU
		{A49112A4-66DA-4445-B81C-85CD46B609C1}.Release|Any CPU.ActiveCfg = Release|Any CPU
		{A49112A4-66DA-4445-B81C-85CD46B609C1}.Release|Any CPU.Build.0 = Release|Any CPU
	EndGlobalSection
	GlobalSection(SolutionProperties) = preSolution
		HideSolutionNode = FALSE
	EndGlobalSection
	GlobalSection(ExtensibilityGlobals) = postSolution
		SolutionGuid = {7443F153-B6B4-424C-938D-03BF4615BF47}
	EndGlobalSection
EndGlobal
